PODS:
  - Alamofire (4.8.2)
  - AmazonS3RequestManager (1.2.0):
    - Alamofire (~> 4.8.2)
    - SWXMLHash (~> 4.9.0)
  - Nimble (8.0.1)
  - Nocilla (0.11.0)
  - Quick (2.1.0)
  - SWXMLHash (4.9.0)

DEPENDENCIES:
  - AmazonS3RequestManager (from `../`)
  - Nimble
  - Nocilla (~> 0.10)
  - Quick

SPEC REPOS:
  https://github.com/cocoapods/specs.git:
    - Alamofire
    - Nimble
    - Nocilla
    - Quick
    - SWXMLHash

EXTERNAL SOURCES:
  AmazonS3RequestManager:
    :path: "../"

SPEC CHECKSUMS:
  Alamofire: ae5c501addb7afdbb13687d7f2f722c78734c2d3
  AmazonS3RequestManager: 4ce20b6aecd2e864e4820ed86cd86e362546cf60
  Nimble: 45f786ae66faa9a709624227fae502db55a8bdd0
  Nocilla: 7af7a386071150cc8aa5da4da97d060f049dd61c
  Quick: 4be43f6634acfa727dd106bdf3929ce125ffa79d
  SWXMLHash: 87b0006848a548b7f9485b40bc71721b3ae39add

PODFILE CHECKSUM: 5a93563cdbfbff414350e4c3a44380e03ca61e1c

COCOAPODS: 1.5.3
